// !$*UTF8*$!
{
	archiveVersion = 1;
	classes = {
	};
	objectVersion = 50;
	objects = {

/* Begin PBXBuildFile section */
		8713C9A1219868760004F6E0 /* AppDelegate.swift in Sources */ = {isa = PBXBuildFile; fileRef = 8713C9A0219868760004F6E0 /* AppDelegate.swift */; };
		8713C9A3219868760004F6E0 /* ViewController.swift in Sources */ = {isa = PBXBuildFile; fileRef = 8713C9A2219868760004F6E0 /* ViewController.swift */; };
		8713C9A6219868760004F6E0 /* Main.storyboard in Resources */ = {isa = PBXBuildFile; fileRef = 8713C9A4219868760004F6E0 /* Main.storyboard */; };
		8713C9A8219868760004F6E0 /* Assets.xcassets in Resources */ = {isa = PBXBuildFile; fileRef = 8713C9A7219868760004F6E0 /* Assets.xcassets */; };
		8713C9AB219868760004F6E0 /* LaunchScreen.storyboard in Resources */ = {isa = PBXBuildFile; fileRef = 8713C9A9219868760004F6E0 /* LaunchScreen.storyboard */; };
		8713C9B6219868760004F6E0 /* MyIphoneProTests.swift in Sources */ = {isa = PBXBuildFile; fileRef = 8713C9B5219868760004F6E0 /* MyIphoneProTests.swift */; };
		8713C9C1219868760004F6E0 /* MyIphoneProUITests.swift in Sources */ = {isa = PBXBuildFile; fileRef = 8713C9C0219868760004F6E0 /* MyIphoneProUITests.swift */; };
/* End PBXBuildFile section */

/* Begin PBXContainerItemProxy section */
		8713C9B2219868760004F6E0 /* PBXContainerItemProxy */ = {
			isa = PBXContainerItemProxy;
			containerPortal = 8713C995219868750004F6E0 /* Project object */;
			proxyType = 1;
			remoteGlobalIDString = 8713C99C219868760004F6E0;
			remoteInfo = MyIphonePro;
		};
		8713C9BD219868760004F6E0 /* PBXContainerItemProxy */ = {
			isa = PBXContainerItemProxy;
			containerPortal = 8713C995219868750004F6E0 /* Project object */;
			proxyType = 1;
			remoteGlobalIDString = 8713C99C219868760004F6E0;
			remoteInfo = MyIphonePro;
		};
/* End PBXContainerItemProxy section */

/* Begin PBXFileReference section */
		8713C99D219868760004F6E0 /* MyIphonePro.app */ = {isa = PBXFileReference; explicitFileType = wrapper.application; includeInIndex = 0; path = MyIphonePro.app; sourceTree = BUILT_PRODUCTS_DIR; };
		8713C9A0219868760004F6E0 /* AppDelegate.swift */ = {isa = PBXFileReference; lastKnownFileType = sourcecode.swift; path = AppDelegate.swift; sourceTree = "<group>"; };
		8713C9A2219868760004F6E0 /* ViewController.swift */ = {isa = PBXFileReference; lastKnownFileType = sourcecode.swift; path = ViewController.swift; sourceTree = "<group>"; };
		8713C9A5219868760004F6E0 /* Base */ = {isa = PBXFileReference; lastKnownFileType = file.storyboard; name = Base; path = Base.lproj/Main.storyboard; sourceTree = "<group>"; };
		8713C9A7219868760004F6E0 /* Assets.xcassets */ = {isa = PBXFileReference; lastKnownFileType = folder.assetcatalog; path = Assets.xcassets; sourceTree = "<group>"; };
		8713C9AA219868760004F6E0 /* Base */ = {isa = PBXFileReference; lastKnownFileType = file.storyboard; name = Base; path = Base.lproj/LaunchScreen.storyboard; sourceTree = "<group>"; };
		8713C9AC219868760004F6E0 /* Info.plist */ = {isa = PBXFileReference; lastKnownFileType = text.plist.xml; path = Info.plist; sourceTree = "<group>"; };
		8713C9B1219868760004F6E0 /* MyIphoneProTests.xctest */ = {isa = PBXFileReference; explicitFileType = wrapper.cfbundle; includeInIndex = 0; path = MyIphoneProTests.xctest; sourceTree = BUILT_PRODUCTS_DIR; };
		8713C9B5219868760004F6E0 /* MyIphoneProTests.swift */ = {isa = PBXFileReference; lastKnownFileType = sourcecode.swift; path = MyIphoneProTests.swift; sourceTree = "<group>"; };
		8713C9B7219868760004F6E0 /* Info.plist */ = {isa = PBXFileReference; lastKnownFileType = text.plist.xml; path = Info.plist; sourceTree = "<group>"; };
		8713C9BC219868760004F6E0 /* MyIphoneProUITests.xctest */ = {isa = PBXFileReference; explicitFileType = wrapper.cfbundle; includeInIndex = 0; path = MyIphoneProUITests.xctest; sourceTree = BUILT_PRODUCTS_DIR; };
		8713C9C0219868760004F6E0 /* MyIphoneProUITests.swift */ = {isa = PBXFileReference; lastKnownFileType = sourcecode.swift; path = MyIphoneProUITests.swift; sourceTree = "<group>"; };
		8713C9C2219868760004F6E0 /* Info.plist */ = {isa = PBXFileReference; lastKnownFileType = text.plist.xml; path = Info.plist; sourceTree = "<group>"; };
/* End PBXFileReference section */

/* Begin PBXFrameworksBuildPhase section */
		8713C99A219868760004F6E0 /* Frameworks */ = {
			isa = PBXFrameworksBuildPhase;
			buildActionMask = 2147483647;
			files = (
			);
			runOnlyForDeploymentPostprocessing = 0;
		};
		8713C9AE219868760004F6E0 /* Frameworks */ = {
			isa = PBXFrameworksBuildPhase;
			buildActionMask = 2147483647;
			files = (
			);
			runOnlyForDeploymentPostprocessing = 0;
		};
		8713C9B9219868760004F6E0 /* Frameworks */ = {
			isa = PBXFrameworksBuildPhase;
			buildActionMask = 2147483647;
			files = (
			);
			runOnlyForDeploymentPostprocessing = 0;
		};
/* End PBXFrameworksBuildPhase section */

/* Begin PBXGroup section */
		8713C994219868750004F6E0 = {
			isa = PBXGroup;
			children = (
				8713C99F219868760004F6E0 /* MyIphonePro */,
				8713C9B4219868760004F6E0 /* MyIphoneProTests */,
				8713C9BF219868760004F6E0 /* MyIphoneProUITests */,
				8713C99E219868760004F6E0 /* Products */,
			);
			sourceTree = "<group>";
		};
		8713C99E219868760004F6E0 /* Products */ = {
			isa = PBXGroup;
			children = (
				8713C99D219868760004F6E0 /* MyIphonePro.app */,
				8713C9B1219868760004F6E0 /* MyIphoneProTests.xctest */,
				8713C9BC219868760004F6E0 /* MyIphoneProUITests.xctest */,
			);
			name = Products;
			sourceTree = "<group>";
		};
		8713C99F219868760004F6E0 /* MyIphonePro */ = {
			isa = PBXGroup;
			children = (
				8713C9A0219868760004F6E0 /* AppDelegate.swift */,
				8713C9A2219868760004F6E0 /* ViewController.swift */,
				8713C9A4219868760004F6E0 /* Main.storyboard */,
				8713C9A7219868760004F6E0 /* Assets.xcassets */,
				8713C9A9219868760004F6E0 /* LaunchScreen.storyboard */,
				8713C9AC219868760004F6E0 /* Info.plist */,
			);
			path = MyIphonePro;
			sourceTree = "<group>";
		};
		8713C9B4219868760004F6E0 /* MyIphoneProTests */ = {
			isa = PBXGroup;
			children = (
				8713C9B5219868760004F6E0 /* MyIphoneProTests.swift */,
				8713C9B7219868760004F6E0 /* Info.plist */,
			);
			path = MyIphoneProTests;
			sourceTree = "<group>";
		};
		8713C9BF219868760004F6E0 /* MyIphoneProUITests */ = {
			isa = PBXGroup;
			children = (
				8713C9C0219868760004F6E0 /* MyIphoneProUITests.swift */,
				8713C9C2219868760004F6E0 /* Info.plist */,
			);
			path = MyIphoneProUITests;
			sourceTree = "<group>";
		};
/* End PBXGroup section */

/* Begin PBXNativeTarget section */
		8713C99C219868760004F6E0 /* MyIphonePro */ = {
			isa = PBXNativeTarget;
			buildConfigurationList = 8713C9C5219868760004F6E0 /* Build configuration list for PBXNativeTarget "MyIphonePro" */;
			buildPhases = (
				8713C999219868760004F6E0 /* Sources */,
				8713C99A219868760004F6E0 /* Frameworks */,
				8713C99B219868760004F6E0 /* Resources */,
			);
			buildRules = (
			);
			dependencies = (
			);
			name = MyIphonePro;
			productName = MyIphonePro;
			productReference = 8713C99D219868760004F6E0 /* MyIphonePro.app */;
			productType = "com.apple.product-type.application";
		};
		8713C9B0219868760004F6E0 /* MyIphoneProTests */ = {
			isa = PBXNativeTarget;
			buildConfigurationList = 8713C9C8219868760004F6E0 /* Build configuration list for PBXNativeTarget "MyIphoneProTests" */;
			buildPhases = (
				8713C9AD219868760004F6E0 /* Sources */,
				8713C9AE219868760004F6E0 /* Frameworks */,
				8713C9AF219868760004F6E0 /* Resources */,
			);
			buildRules = (
			);
			dependencies = (
				8713C9B3219868760004F6E0 /* PBXTargetDependency */,
			);
			name = MyIphoneProTests;
			productName = MyIphoneProTests;
			productReference = 8713C9B1219868760004F6E0 /* MyIphoneProTests.xctest */;
			productType = "com.apple.product-type.bundle.unit-test";
		};
		8713C9BB219868760004F6E0 /* MyIphoneProUITests */ = {
			isa = PBXNativeTarget;
			buildConfigurationList = 8713C9CB219868760004F6E0 /* Build configuration list for PBXNativeTarget "MyIphoneProUITests" */;
			buildPhases = (
				8713C9B8219868760004F6E0 /* Sources */,
				8713C9B9219868760004F6E0 /* Frameworks */,
				8713C9BA219868760004F6E0 /* Resources */,
			);
			buildRules = (
			);
			dependencies = (
				8713C9BE219868760004F6E0 /* PBXTargetDependency */,
			);
			name = MyIphoneProUITests;
			productName = MyIphoneProUITests;
			productReference = 8713C9BC219868760004F6E0 /* MyIphoneProUITests.xctest */;
			productType = "com.apple.product-type.bundle.ui-testing";
		};
/* End PBXNativeTarget section */

/* Begin PBXProject section */
		8713C995219868750004F6E0 /* Project object */ = {
			isa = PBXProject;
			attributes = {
				LastSwiftUpdateCheck = 1010;
				LastUpgradeCheck = 1010;
				ORGANIZATIONNAME = houshuai;
				TargetAttributes = {
					8713C99C219868760004F6E0 = {
						CreatedOnToolsVersion = 10.1;
					};
					8713C9B0219868760004F6E0 = {
						CreatedOnToolsVersion = 10.1;
						TestTargetID = 8713C99C219868760004F6E0;
					};
					8713C9BB219868760004F6E0 = {
						CreatedOnToolsVersion = 10.1;
						TestTargetID = 8713C99C219868760004F6E0;
					};
				};
			};
			buildConfigurationList = 8713C998219868750004F6E0 /* Build configuration list for PBXProject "MyIphonePro" */;
			compatibilityVersion = "Xcode 9.3";
			developmentRegion = en;
			hasScannedForEncodings = 0;
			knownRegions = (
				en,
				Base,
			);
			mainGroup = 8713C994219868750004F6E0;
			productRefGroup = 8713C99E219868760004F6E0 /* Products */;
			projectDirPath = "";
			projectRoot = "";
			targets = (
				8713C99C219868760004F6E0 /* MyIphonePro */,
				8713C9B0219868760004F6E0 /* MyIphoneProTests */,
				8713C9BB219868760004F6E0 /* MyIphoneProUITests */,
			);
		};
/* End PBXProject section */

/* Begin PBXResourcesBuildPhase section */
		8713C99B219868760004F6E0 /* Resources */ = {
			isa = PBXResourcesBuildPhase;
			buildActionMask = 2147483647;
			files = (
				8713C9AB219868760004F6E0 /* LaunchScreen.storyboard in Resources */,
				8713C9A8219868760004F6E0 /* Assets.xcassets in Resources */,
				8713C9A6219868760004F6E0 /* Main.storyboard in Resources */,
			);
			runOnlyForDeploymentPostprocessing = 0;
		};
		8713C9AF219868760004F6E0 /* Resources */ = {
			isa = PBXResourcesBuildPhase;
			buildActionMask = 2147483647;
			files = (
			);
			runOnlyForDeploymentPostprocessing = 0;
		};
		8713C9BA219868760004F6E0 /* Resources */ = {
			isa = PBXResourcesBuildPhase;
			buildActionMask = 2147483647;
			files = (
			);
			runOnlyForDeploymentPostprocessing = 0;
		};
/* End PBXResourcesBuildPhase section */

/* Begin PBXSourcesBuildPhase section */
		8713C999219868760004F6E0 /* Sources */ = {
			isa = PBXSourcesBuildPhase;
			buildActionMask = 2147483647;
			files = (
				8713C9A3219868760004F6E0 /* ViewController.swift in Sources */,
				8713C9A1219868760004F6E0 /* AppDelegate.swift in Sources */,
			);
			runOnlyForDeploymentPostprocessing = 0;
		};
		8713C9AD219868760004F6E0 /* Sources */ = {
			isa = PBXSourcesBuildPhase;
			buildActionMask = 2147483647;
			files = (
				8713C9B6219868760004F6E0 /* MyIphoneProTests.swift in Sources */,
			);
			runOnlyForDeploymentPostprocessing = 0;
		};
		8713C9B8219868760004F6E0 /* Sources */ = {
			isa = PBXSourcesBuildPhase;
			buildActionMask = 2147483647;
			files = (
				8713C9C1219868760004F6E0 /* MyIphoneProUITests.swift in Sources */,
			);
			runOnlyForDeploymentPostprocessing = 0;
		};
/* End PBXSourcesBuildPhase section */

/* Begin PBXTargetDependency section */
		8713C9B3219868760004F6E0 /* PBXTargetDependency */ = {
			isa = PBXTargetDependency;
			target = 8713C99C219868760004F6E0 /* MyIphonePro */;
			targetProxy = 8713C9B2219868760004F6E0 /* PBXContainerItemProxy */;
		};
		8713C9BE219868760004F6E0 /* PBXTargetDependency */ = {
			isa = PBXTargetDependency;
			target = 8713C99C219868760004F6E0 /* MyIphonePro */;
			targetProxy = 8713C9BD219868760004F6E0 /* PBXContainerItemProxy */;
		};
/* End PBXTargetDependency section */

/* Begin PBXVariantGroup section */
		8713C9A4219868760004F6E0 /* Main.storyboard */ = {
			isa = PBXVariantGroup;
			children = (
				8713C9A5219868760004F6E0 /* Base */,
			);
			name = Main.storyboard;
			sourceTree = "<group>";
		};
		8713C9A9219868760004F6E0 /* LaunchScreen.storyboard */ = {
			isa = PBXVariantGroup;
			children = (
				8713C9AA219868760004F6E0 /* Base */,
			);
			name = LaunchScreen.storyboard;
			sourceTree = "<group>";
		};
/* End PBXVariantGroup section */

/* Begin XCBuildConfiguration section */
		8713C9C3219868760004F6E0 /* Debug */ = {
			isa = XCBuildConfiguration;
			buildSettings = {
				ALWAYS_SEARCH_USER_PATHS = NO;
				CLANG_ANALYZER_NONNULL = YES;
				CLANG_ANALYZER_NUMBER_OBJECT_CONVERSION = YES_AGGRESSIVE;
				CLANG_CXX_LANGUAGE_STANDARD = "gnu++14";
				CLANG_CXX_LIBRARY = "libc++";
				CLANG_ENABLE_MODULES = YES;
				CLANG_ENABLE_OBJC_ARC = YES;
				CLANG_ENABLE_OBJC_WEAK = YES;
				CLANG_WARN_BLOCK_CAPTURE_AUTORELEASING = YES;
				CLANG_WARN_BOOL_CONVERSION = YES;
				CLANG_WARN_COMMA = YES;
				CLANG_WARN_CONSTANT_CONVERSION = YES;
				CLANG_WARN_DEPRECATED_OBJC_IMPLEMENTATIONS = YES;
				CLANG_WARN_DIRECT_OBJC_ISA_USAGE = YES_ERROR;
				CLANG_WARN_DOCUMENTATION_COMMENTS = YES;
				CLANG_WARN_EMPTY_BODY = YES;
				CLANG_WARN_ENUM_CONVERSION = YES;
				CLANG_WARN_INFINITE_RECURSION = YES;
				CLANG_WARN_INT_CONVERSION = YES;
				CLANG_WARN_NON_LITERAL_NULL_CONVERSION = YES;
				CLANG_WARN_OBJC_IMPLICIT_RETAIN_SELF = YES;
				CLANG_WARN_OBJC_LITERAL_CONVERSION = YES;
				CLANG_WARN_OBJC_ROOT_CLASS = YES_ERROR;
				CLANG_WARN_RANGE_LOOP_ANALYSIS = YES;
				CLANG_WARN_STRICT_PROTOTYPES = YES;
				CLANG_WARN_SUSPICIOUS_MOVE = YES;
				CLANG_WARN_UNGUARDED_AVAILABILITY = YES_AGGRESSIVE;
				CLANG_WARN_UNREACHABLE_CODE = YES;
				CLANG_WARN__DUPLICATE_METHOD_MATCH = YES;
				CODE_SIGN_IDENTITY = "iPhone Developer";
				COPY_PHASE_STRIP = NO;
				DEBUG_INFORMATION_FORMAT = dwarf;
				ENABLE_STRICT_OBJC_MSGSEND = YES;
				ENABLE_TESTABILITY = YES;
				GCC_C_LANGUAGE_STANDARD = gnu11;
				GCC_DYNAMIC_NO_PIC = NO;
				GCC_NO_COMMON_BLOCKS = YES;
				GCC_OPTIMIZATION_LEVEL = 0;
				GCC_PREPROCESSOR_DEFINITIONS = (
					"DEBUG=1",
					"$(inherited)",
				);
				GCC_WARN_64_TO_32_BIT_CONVERSION = YES;
				GCC_WARN_ABOUT_RETURN_TYPE = YES_ERROR;
				GCC_WARN_UNDECLARED_SELECTOR = YES;
				GCC_WARN_UNINITIALIZED_AUTOS = YES_AGGRESSIVE;
				GCC_WARN_UNUSED_FUNCTION = YES;
				GCC_WARN_UNUSED_VARIABLE = YES;
				IPHONEOS_DEPLOYMENT_TARGET = 12.1;
				MTL_ENABLE_DEBUG_INFO = INCLUDE_SOURCE;
				MTL_FAST_MATH = YES;
				ONLY_ACTIVE_ARCH = YES;
				SDKROOT = iphoneos;
				SWIFT_ACTIVE_COMPILATION_CONDITIONS = DEBUG;
				SWIFT_OPTIMIZATION_LEVEL = "-Onone";
			};
			name = Debug;
		};
		8713C9C4219868760004F6E0 /* Release */ = {
			isa = XCBuildConfiguration;
			buildSettings = {
				ALWAYS_SEARCH_USER_PATHS = NO;
				CLANG_ANALYZER_NONNULL = YES;
				CLANG_ANALYZER_NUMBER_OBJECT_CONVERSION = YES_AGGRESSIVE;
				CLANG_CXX_LANGUAGE_STANDARD = "gnu++14";
				CLANG_CXX_LIBRARY = "libc++";
				CLANG_ENABLE_MODULES = YES;
				CLANG_ENABLE_OBJC_ARC = YES;
				CLANG_ENABLE_OBJC_WEAK = YES;
				CLANG_WARN_BLOCK_CAPTURE_AUTORELEASING = YES;
				CLANG_WARN_BOOL_CONVERSION = YES;
				CLANG_WARN_COMMA = YES;
				CLANG_WARN_CONSTANT_CONVERSION = YES;
				CLANG_WARN_DEPRECATED_OBJC_IMPLEMENTATIONS = YES;
				CLANG_WARN_DIRECT_OBJC_ISA_USAGE = YES_ERROR;
				CLANG_WARN_DOCUMENTATION_COMMENTS = YES;
				CLANG_WARN_EMPTY_BODY = YES;
				CLANG_WARN_ENUM_CONVERSION = YES;
				CLANG_WARN_INFINITE_RECURSION = YES;
				CLANG_WARN_INT_CONVERSION = YES;
				CLANG_WARN_NON_LITERAL_NULL_CONVERSION = YES;
				CLANG_WARN_OBJC_IMPLICIT_RETAIN_SELF = YES;
				CLANG_WARN_OBJC_LITERAL_CONVERSION = YES;
				CLANG_WARN_OBJC_ROOT_CLASS = YES_ERROR;
				CLANG_WARN_RANGE_LOOP_ANALYSIS = YES;
				CLANG_WARN_STRICT_PROTOTYPES = YES;
				CLANG_WARN_SUSPICIOUS_MOVE = YES;
				CLANG_WARN_UNGUARDED_AVAILABILITY = YES_AGGRESSIVE;
				CLANG_WARN_UNREACHABLE_CODE = YES;
				CLANG_WARN__DUPLICATE_METHOD_MATCH = YES;
				CODE_SIGN_IDENTITY = "iPhone Developer";
				COPY_PHASE_STRIP = NO;
				DEBUG_INFORMATION_FORMAT = "dwarf-with-dsym";
				ENABLE_NS_ASSERTIONS = NO;
				ENABLE_STRICT_OBJC_MSGSEND = YES;
				GCC_C_LANGUAGE_STANDARD = gnu11;
				GCC_NO_COMMON_BLOCKS = YES;
				GCC_WARN_64_TO_32_BIT_CONVERSION = YES;
				GCC_WARN_ABOUT_RETURN_TYPE = YES_ERROR;
				GCC_WARN_UNDECLARED_SELECTOR = YES;
				GCC_WARN_UNINITIALIZED_AUTOS = YES_AGGRESSIVE;
				GCC_WARN_UNUSED_FUNCTION = YES;
				GCC_WARN_UNUSED_VARIABLE = YES;
				IPHONEOS_DEPLOYMENT_TARGET = 12.1;
				MTL_ENABLE_DEBUG_INFO = NO;
				MTL_FAST_MATH = YES;
				SDKROOT = iphoneos;
				SWIFT_COMPILATION_MODE = wholemodule;
				SWIFT_OPTIMIZATION_LEVEL = "-O";
				VALIDATE_PRODUCT = YES;
			};
			name = Release;
		};
		8713C9C6219868760004F6E0 /* Debug */ = {
			isa = XCBuildConfiguration;
			buildSettings = {
				ASSETCATALOG_COMPILER_APPICON_NAME = AppIcon;
				CODE_SIGN_STYLE = Automatic;
				DEVELOPMENT_TEAM = T8ZXV45WJG;
				INFOPLIST_FILE = MyIphonePro/Info.plist;
				IPHONEOS_DEPLOYMENT_TARGET = 9.0;
				LD_RUNPATH_SEARCH_PATHS = (
					"$(inherited)",
					"@executable_path/Frameworks",
				);
				PRODUCT_BUNDLE_IDENTIFIER = com.tencent.jessehou.MyIphonePro;
				PRODUCT_NAME = "$(TARGET_NAME)";
				SWIFT_VERSION = 4.2;
				TARGETED_DEVICE_FAMILY = "1,2";
			};
			name = Debug;
		};
		8713C9C7219868760004F6E0 /* Release */ = {
			isa = XCBuildConfiguration;
			buildSettings = {
				ASSETCATALOG_COMPILER_APPICON_NAME = AppIcon;
				CODE_SIGN_STYLE = Automatic;
				DEVELOPMENT_TEAM = T8ZXV45WJG;
				INFOPLIST_FILE = MyIphonePro/Info.plist;
				IPHONEOS_DEPLOYMENT_TARGET = 9.0;
				LD_RUNPATH_SEARCH_PATHS = (
					"$(inherited)",
					"@executable_path/Frameworks",
				);
				PRODUCT_BUNDLE_IDENTIFIER = com.tencent.jessehou.MyIphonePro;
				PRODUCT_NAME = "$(TARGET_NAME)";
				SWIFT_VERSION = 4.2;
				TARGETED_DEVICE_FAMILY = "1,2";
			};
			name = Release;
		};
		8713C9C9219868760004F6E0 /* Debug */ = {
			isa = XCBuildConfiguration;
			buildSettings = {
				ALWAYS_EMBED_SWIFT_STANDARD_LIBRARIES = YES;
				BUNDLE_LOADER = "$(TEST_HOST)";
				CODE_SIGN_STYLE = Automatic;
				DEVELOPMENT_TEAM = T8ZXV45WJG;
				INFOPLIST_FILE = MyIphoneProTests/Info.plist;
				LD_RUNPATH_SEARCH_PATHS = (
					"$(inherited)",
					"@executable_path/Frameworks",
					"@loader_path/Frameworks",
				);
				PRODUCT_BUNDLE_IDENTIFIER = com.tencent.jessehou.MyIphoneProTests;
				PRODUCT_NAME = "$(TARGET_NAME)";
				SWIFT_VERSION = 4.2;
				TARGETED_DEVICE_FAMILY = "1,2";
				TEST_HOST = "$(BUILT_PRODUCTS_DIR)/MyIphonePro.app/MyIphonePro";
			};
			name = Debug;
		};
		8713C9CA219868760004F6E0 /* Release */ = {
			isa = XCBuildConfiguration;
			buildSettings = {
				ALWAYS_EMBED_SWIFT_STANDARD_LIBRARIES = YES;
				BUNDLE_LOADER = "$(TEST_HOST)";
				CODE_SIGN_STYLE = Automatic;
				DEVELOPMENT_TEAM = T8ZXV45WJG;
				INFOPLIST_FILE = MyIphoneProTests/Info.plist;
				LD_RUNPATH_SEARCH_PATHS = (
					"$(inherited)",
					"@executable_path/Frameworks",
					"@loader_path/Frameworks",
				);
				PRODUCT_BUNDLE_IDENTIFIER = com.tencent.jessehou.MyIphoneProTests;
				PRODUCT_NAME = "$(TARGET_NAME)";
				SWIFT_VERSION = 4.2;
				TARGETED_DEVICE_FAMILY = "1,2";
				TEST_HOST = "$(BUILT_PRODUCTS_DIR)/MyIphonePro.app/MyIphonePro";
			};
			name = Release;
		};
		8713C9CC219868760004F6E0 /* Debug */ = {
			isa = XCBuildConfiguration;
			buildSettings = {
				ALWAYS_EMBED_SWIFT_STANDARD_LIBRARIES = YES;
				CODE_SIGN_STYLE = Automatic;
				DEVELOPMENT_TEAM = T8ZXV45WJG;
				INFOPLIST_FILE = MyIphoneProUITests/Info.plist;
				LD_RUNPATH_SEARCH_PATHS = (
					"$(inherited)",
					"@executable_path/Frameworks",
					"@loader_path/Frameworks",
				);
				PRODUCT_BUNDLE_IDENTIFIER = com.tencent.jessehou.MyIphoneProUITests;
				PRODUCT_NAME = "$(TARGET_NAME)";
				SWIFT_VERSION = 4.2;
				TARGETED_DEVICE_FAMILY = "1,2";
				TEST_TARGET_NAME = MyIphonePro;
			};
			name = Debug;
		};
		8713C9CD219868760004F6E0 /* Release */ = {
			isa = XCBuildConfiguration;
			buildSettings = {
				ALWAYS_EMBED_SWIFT_STANDARD_LIBRARIES = YES;
				CODE_SIGN_STYLE = Automatic;
				DEVELOPMENT_TEAM = T8ZXV45WJG;
				INFOPLIST_FILE = MyIphoneProUITests/Info.plist;
				LD_RUNPATH_SEARCH_PATHS = (
					"$(inherited)",
					"@executable_path/Frameworks",
					"@loader_path/Frameworks",
				);
				PRODUCT_BUNDLE_IDENTIFIER = com.tencent.jessehou.MyIphoneProUITests;
				PRODUCT_NAME = "$(TARGET_NAME)";
				SWIFT_VERSION = 4.2;
				TARGETED_DEVICE_FAMILY = "1,2";
				TEST_TARGET_NAME = MyIphonePro;
			};
			name = Release;
		};
/* End XCBuildConfiguration section */

/* Begin XCConfigurationList section */
		8713C998219868750004F6E0 /* Build configuration list for PBXProject "MyIphonePro" */ = {
			isa = XCConfigurationList;
			buildConfigurations = (
				8713C9C3219868760004F6E0 /* Debug */,
				8713C9C4219868760004F6E0 /* Release */,
			);
			defaultConfigurationIsVisible = 0;
			defaultConfigurationName = Release;
		};
		8713C9C5219868760004F6E0 /* Build configuration list for PBXNativeTarget "MyIphonePro" */ = {
			isa = XCConfigurationList;
			buildConfigurations = (
				8713C9C6219868760004F6E0 /* Debug */,
				8713C9C7219868760004F6E0 /* Release */,
			);
			defaultConfigurationIsVisible = 0;
			defaultConfigurationName = Release;
		};
		8713C9C8219868760004F6E0 /* Build configuration list for PBXNativeTarget "MyIphoneProTests" */ = {
			isa = XCConfigurationList;
			buildConfigurations = (
				8713C9C9219868760004F6E0 /* Debug */,
				8713C9CA219868760004F6E0 /* Release */,
			);
			defaultConfigurationIsVisible = 0;
			defaultConfigurationName = Release;
		};
		8713C9CB219868760004F6E0 /* Build configuration list for PBXNativeTarget "MyIphoneProUITests" */ = {
			isa = XCConfigurationList;
			buildConfigurations = (
				8713C9CC219868760004F6E0 /* Debug */,
				8713C9CD219868760004F6E0 /* Release */,
			);
			defaultConfigurationIsVisible = 0;
			defaultConfigurationName = Release;
		};
/* End XCConfigurationList section */
	};
	rootObject = 8713C995219868750004F6E0 /* Project object */;
}
